
Microsoft Visual Studio Solution File, Format Version 12.00
# Visual Studio 2013
VisualStudioVersion = 12.0.21005.1
MinimumVisualStudioVersion = 10.0.40219.1
Project("{FAE04EC0-301F-11D3-BF4B-00C04F79EFBC}") = "Infrastructure", "Infrastructure\Infrastructure.csproj", "{B4D715EB-FB37-4800-8E89-18B8FED83EC2}"
EndProject
Project("{FAE04EC0-301F-11D3-BF4B-00C04F79EFBC}") = "PersistenceLayer", "PersistenceLayer\PersistenceLayer.csproj", "{43F69939-725A-496C-A5B7-719D70CB6471}"
EndProject
Project("{FAE04EC0-301F-11D3-BF4B-00C04F79EFBC}") = "Reporting", "Reporting\Reporting.csproj", "{C606AB70-001F-4CEE-8906-BEF9D115EEAE}"
EndProject
Project("{FAE04EC0-301F-11D3-BF4B-00C04F79EFBC}") = "SalarycalculationCore", "SalarycalculationCore\SalarycalculationCore.csproj", "{CDDD81E0-65AB-4B95-9BD9-2EFB611A3303}"
EndProject
Project("{FAE04EC0-301F-11D3-BF4B-00C04F79EFBC}") = "SalaryCalculationApp.Client", "Client\SalaryCalculationApp.Client.csproj", "{F111A309-1CAB-47CE-BAE8-41C2450C9450}"
EndProject
Global
	GlobalSection(SolutionConfigurationPlatforms) = preSolution
		Debug|Any CPU = Debug|Any CPU
		Release|Any CPU = Release|Any CPU
	EndGlobalSection
	GlobalSection(ProjectConfigurationPlatforms) = postSolution
		{B4D715EB-FB37-4800-8E89-18B8FED83EC2}.Debug|Any CPU.ActiveCfg = Debug|Any CPU
		{B4D715EB-FB37-4800-8E89-18B8FED83EC2}.Debug|Any CPU.Build.0 = Debug|Any CPU
		{B4D715EB-FB37-4800-8E89-18B8FED83EC2}.Release|Any CPU.ActiveCfg = Release|Any CPU
		{B4D715EB-FB37-4800-8E89-18B8FED83EC2}.Release|Any CPU.Build.0 = Release|Any CPU
		{43F69939-725A-496C-A5B7-719D70CB6471}.Debug|Any CPU.ActiveCfg = Debug|Any CPU
		{43F69939-725A-496C-A5B7-719D70CB6471}.Debug|Any CPU.Build.0 = Debug|Any CPU
		{43F69939-725A-496C-A5B7-719D70CB6471}.Release|Any CPU.ActiveCfg = Release|Any CPU
		{43F69939-725A-496C-A5B7-719D70CB6471}.Release|Any CPU.Build.0 = Release|Any CPU
		{C606AB70-001F-4CEE-8906-BEF9D115EEAE}.Debug|Any CPU.ActiveCfg = Debug|Any CPU
		{C606AB70-001F-4CEE-8906-BEF9D115EEAE}.Debug|Any CPU.Build.0 = Debug|Any CPU
		{C606AB70-001F-4CEE-8906-BEF9D115EEAE}.Release|Any CPU.ActiveCfg = Release|Any CPU
		{C606AB70-001F-4CEE-8906-BEF9D115EEAE}.Release|Any CPU.Build.0 = Release|Any CPU
		{CDDD81E0-65AB-4B95-9BD9-2EFB611A3303}.Debug|Any CPU.ActiveCfg = Debug|Any CPU
		{CDDD81E0-65AB-4B95-9BD9-2EFB611A3303}.Debug|Any CPU.Build.0 = Debug|Any CPU
		{CDDD81E0-65AB-4B95-9BD9-2EFB611A3303}.Release|Any CPU.ActiveCfg = Release|Any CPU
		{CDDD81E0-65AB-4B95-9BD9-2EFB611A3303}.Release|Any CPU.Build.0 = Release|Any CPU
		{F111A309-1CAB-47CE-BAE8-41C2450C9450}.Debug|Any CPU.ActiveCfg = Debug|Any CPU
		{F111A309-1CAB-47CE-BAE8-41C2450C9450}.Debug|Any CPU.Build.0 = Debug|Any CPU
		{F111A309-1CAB-47CE-BAE8-41C2450C9450}.Release|Any CPU.ActiveCfg = Release|Any CPU
		{F111A309-1CAB-47CE-BAE8-41C2450C9450}.Release|Any CPU.Build.0 = Release|Any CPU
	EndGlobalSection
	GlobalSection(SolutionProperties) = preSolution
		HideSolutionNode = FALSE
	EndGlobalSection
EndGlobal
